// !$*UTF8*$!
{
	archiveVersion = 1;
	classes = {
	};
	objectVersion = 55;
	objects = {

/* Begin PBXBuildFile section */
		1358349028DF3CC40009D4B9 /* AppDelegate.swift in Sources */ = {isa = PBXBuildFile; fileRef = 1358348F28DF3CC40009D4B9 /* AppDelegate.swift */; };
		1358349228DF3CC40009D4B9 /* SceneDelegate.swift in Sources */ = {isa = PBXBuildFile; fileRef = 1358349128DF3CC40009D4B9 /* SceneDelegate.swift */; };
		1358349428DF3CC40009D4B9 /* ViewController.swift in Sources */ = {isa = PBXBuildFile; fileRef = 1358349328DF3CC40009D4B9 /* ViewController.swift */; };
		1358349728DF3CC40009D4B9 /* Main.storyboard in Resources */ = {isa = PBXBuildFile; fileRef = 1358349528DF3CC40009D4B9 /* Main.storyboard */; };
		1358349928DF3CC60009D4B9 /* Assets.xcassets in Resources */ = {isa = PBXBuildFile; fileRef = 1358349828DF3CC60009D4B9 /* Assets.xcassets */; };
		1358349C28DF3CC60009D4B9 /* LaunchScreen.storyboard in Resources */ = {isa = PBXBuildFile; fileRef = 1358349A28DF3CC60009D4B9 /* LaunchScreen.storyboard */; };
		135834CB28DFCD600009D4B9 /* schema.json in Resources */ = {isa = PBXBuildFile; fileRef = 135834CA28DFCD600009D4B9 /* schema.json */; };
		135834D828DFD0050009D4B9 /* Apollo in Frameworks */ = {isa = PBXBuildFile; productRef = 135834D728DFD0050009D4B9 /* Apollo */; };
		135834DA28DFD0050009D4B9 /* ApolloAPI in Frameworks */ = {isa = PBXBuildFile; productRef = 135834D928DFD0050009D4B9 /* ApolloAPI */; };
		135834DC28DFD0050009D4B9 /* ApolloCodegenLib in Frameworks */ = {isa = PBXBuildFile; productRef = 135834DB28DFD0050009D4B9 /* ApolloCodegenLib */; };
		135834E028DFEE5B0009D4B9 /* ApolloNetwork.swift in Sources */ = {isa = PBXBuildFile; fileRef = 135834DF28DFEE5B0009D4B9 /* ApolloNetwork.swift */; };
		135834E628E09D070009D4B9 /* QueryAllBooks.graphql in Resources */ = {isa = PBXBuildFile; fileRef = 135834E128E09D070009D4B9 /* QueryAllBooks.graphql */; };
		135834E728E09D070009D4B9 /* QueryUserPicture.graphql in Resources */ = {isa = PBXBuildFile; fileRef = 135834E228E09D070009D4B9 /* QueryUserPicture.graphql */; };
		135834E828E09D070009D4B9 /* QueryFavoriteAuthors.graphql in Resources */ = {isa = PBXBuildFile; fileRef = 135834E328E09D070009D4B9 /* QueryFavoriteAuthors.graphql */; };
		135834E928E09D070009D4B9 /* QueryFavoriteBook.graphql in Resources */ = {isa = PBXBuildFile; fileRef = 135834E428E09D070009D4B9 /* QueryFavoriteBook.graphql */; };
		135834EA28E09D070009D4B9 /* QueryFavoriteBooks.graphql in Resources */ = {isa = PBXBuildFile; fileRef = 135834E528E09D070009D4B9 /* QueryFavoriteBooks.graphql */; };
		135834EC28E09F7E0009D4B9 /* API.swift in Sources */ = {isa = PBXBuildFile; fileRef = 135834EB28E09F7E0009D4B9 /* API.swift */; };
/* End PBXBuildFile section */

/* Begin PBXFileReference section */
		1358348C28DF3CC40009D4B9 /* SSBook.app */ = {isa = PBXFileReference; explicitFileType = wrapper.application; includeInIndex = 0; path = SSBook.app; sourceTree = BUILT_PRODUCTS_DIR; };
		1358348F28DF3CC40009D4B9 /* AppDelegate.swift */ = {isa = PBXFileReference; lastKnownFileType = sourcecode.swift; path = AppDelegate.swift; sourceTree = "<group>"; };
		1358349128DF3CC40009D4B9 /* SceneDelegate.swift */ = {isa = PBXFileReference; lastKnownFileType = sourcecode.swift; path = SceneDelegate.swift; sourceTree = "<group>"; };
		1358349328DF3CC40009D4B9 /* ViewController.swift */ = {isa = PBXFileReference; lastKnownFileType = sourcecode.swift; path = ViewController.swift; sourceTree = "<group>"; };
		1358349628DF3CC40009D4B9 /* Base */ = {isa = PBXFileReference; lastKnownFileType = file.storyboard; name = Base; path = Base.lproj/Main.storyboard; sourceTree = "<group>"; };
		1358349828DF3CC60009D4B9 /* Assets.xcassets */ = {isa = PBXFileReference; lastKnownFileType = folder.assetcatalog; path = Assets.xcassets; sourceTree = "<group>"; };
		1358349B28DF3CC60009D4B9 /* Base */ = {isa = PBXFileReference; lastKnownFileType = file.storyboard; name = Base; path = Base.lproj/LaunchScreen.storyboard; sourceTree = "<group>"; };
		1358349D28DF3CC60009D4B9 /* Info.plist */ = {isa = PBXFileReference; lastKnownFileType = text.plist.xml; path = Info.plist; sourceTree = "<group>"; };
		135834CA28DFCD600009D4B9 /* schema.json */ = {isa = PBXFileReference; fileEncoding = 4; lastKnownFileType = text.json; path = schema.json; sourceTree = "<group>"; };
		135834DF28DFEE5B0009D4B9 /* ApolloNetwork.swift */ = {isa = PBXFileReference; lastKnownFileType = sourcecode.swift; path = ApolloNetwork.swift; sourceTree = "<group>"; };
		135834E128E09D070009D4B9 /* QueryAllBooks.graphql */ = {isa = PBXFileReference; fileEncoding = 4; lastKnownFileType = text; path = QueryAllBooks.graphql; sourceTree = "<group>"; };
		135834E228E09D070009D4B9 /* QueryUserPicture.graphql */ = {isa = PBXFileReference; fileEncoding = 4; lastKnownFileType = text; path = QueryUserPicture.graphql; sourceTree = "<group>"; };
		135834E328E09D070009D4B9 /* QueryFavoriteAuthors.graphql */ = {isa = PBXFileReference; fileEncoding = 4; lastKnownFileType = text; path = QueryFavoriteAuthors.graphql; sourceTree = "<group>"; };
		135834E428E09D070009D4B9 /* QueryFavoriteBook.graphql */ = {isa = PBXFileReference; fileEncoding = 4; lastKnownFileType = text; path = QueryFavoriteBook.graphql; sourceTree = "<group>"; };
		135834E528E09D070009D4B9 /* QueryFavoriteBooks.graphql */ = {isa = PBXFileReference; fileEncoding = 4; lastKnownFileType = text; path = QueryFavoriteBooks.graphql; sourceTree = "<group>"; };
		135834EB28E09F7E0009D4B9 /* API.swift */ = {isa = PBXFileReference; fileEncoding = 4; lastKnownFileType = sourcecode.swift; path = API.swift; sourceTree = "<group>"; };
/* End PBXFileReference section */

/* Begin PBXFrameworksBuildPhase section */
		1358348928DF3CC40009D4B9 /* Frameworks */ = {
			isa = PBXFrameworksBuildPhase;
			buildActionMask = 2147483647;
			files = (
				135834DA28DFD0050009D4B9 /* ApolloAPI in Frameworks */,
				135834DC28DFD0050009D4B9 /* ApolloCodegenLib in Frameworks */,
				135834D828DFD0050009D4B9 /* Apollo in Frameworks */,
			);
			runOnlyForDeploymentPostprocessing = 0;
		};
/* End PBXFrameworksBuildPhase section */

/* Begin PBXGroup section */
		1358348328DF3CC40009D4B9 = {
			isa = PBXGroup;
			children = (
				1358348E28DF3CC40009D4B9 /* SSBook */,
				1358348D28DF3CC40009D4B9 /* Products */,
			);
			sourceTree = "<group>";
		};
		1358348D28DF3CC40009D4B9 /* Products */ = {
			isa = PBXGroup;
			children = (
				1358348C28DF3CC40009D4B9 /* SSBook.app */,
			);
			name = Products;
			sourceTree = "<group>";
		};
		1358348E28DF3CC40009D4B9 /* SSBook */ = {
			isa = PBXGroup;
			children = (
				135834CA28DFCD600009D4B9 /* schema.json */,
				135834EB28E09F7E0009D4B9 /* API.swift */,
				135834DF28DFEE5B0009D4B9 /* ApolloNetwork.swift */,
				1358348F28DF3CC40009D4B9 /* AppDelegate.swift */,
				1358349128DF3CC40009D4B9 /* SceneDelegate.swift */,
				1358349328DF3CC40009D4B9 /* ViewController.swift */,
				135834E228E09D070009D4B9 /* QueryUserPicture.graphql */,
				135834E528E09D070009D4B9 /* QueryFavoriteBooks.graphql */,
				135834E328E09D070009D4B9 /* QueryFavoriteAuthors.graphql */,
				135834E128E09D070009D4B9 /* QueryAllBooks.graphql */,
				135834E428E09D070009D4B9 /* QueryFavoriteBook.graphql */,
				1358349528DF3CC40009D4B9 /* Main.storyboard */,
				1358349828DF3CC60009D4B9 /* Assets.xcassets */,
				1358349A28DF3CC60009D4B9 /* LaunchScreen.storyboard */,
				1358349D28DF3CC60009D4B9 /* Info.plist */,
			);
			path = SSBook;
			sourceTree = "<group>";
		};
/* End PBXGroup section */

/* Begin PBXNativeTarget section */
		1358348B28DF3CC40009D4B9 /* SSBook */ = {
			isa = PBXNativeTarget;
			buildConfigurationList = 135834A028DF3CC60009D4B9 /* Build configuration list for PBXNativeTarget "SSBook" */;
			buildPhases = (
				135834B628DFC41F0009D4B9 /* Generate Apollo GraphQL API */,
				1358348828DF3CC40009D4B9 /* Sources */,
				1358348928DF3CC40009D4B9 /* Frameworks */,
				1358348A28DF3CC40009D4B9 /* Resources */,
			);
			buildRules = (
			);
			dependencies = (
			);
			name = SSBook;
			packageProductDependencies = (
				135834D728DFD0050009D4B9 /* Apollo */,
				135834D928DFD0050009D4B9 /* ApolloAPI */,
				135834DB28DFD0050009D4B9 /* ApolloCodegenLib */,
			);
			productName = SSBook;
			productReference = 1358348C28DF3CC40009D4B9 /* SSBook.app */;
			productType = "com.apple.product-type.application";
		};
/* End PBXNativeTarget section */

/* Begin PBXProject section */
		1358348428DF3CC40009D4B9 /* Project object */ = {
			isa = PBXProject;
			attributes = {
				BuildIndependentTargetsInParallel = 1;
				LastSwiftUpdateCheck = 1340;
				LastUpgradeCheck = 1340;
				TargetAttributes = {
					1358348B28DF3CC40009D4B9 = {
						CreatedOnToolsVersion = 13.4.1;
					};
				};
			};
			buildConfigurationList = 1358348728DF3CC40009D4B9 /* Build configuration list for PBXProject "SSBook" */;
			compatibilityVersion = "Xcode 13.0";
			developmentRegion = en;
			hasScannedForEncodings = 0;
			knownRegions = (
				en,
				Base,
			);
			mainGroup = 1358348328DF3CC40009D4B9;
			packageReferences = (
				135834D628DFD0050009D4B9 /* XCRemoteSwiftPackageReference "apollo-ios" */,
			);
			productRefGroup = 1358348D28DF3CC40009D4B9 /* Products */;
			projectDirPath = "";
			projectRoot = "";
			targets = (
				1358348B28DF3CC40009D4B9 /* SSBook */,
			);
		};
/* End PBXProject section */

/* Begin PBXResourcesBuildPhase section */
		1358348A28DF3CC40009D4B9 /* Resources */ = {
			isa = PBXResourcesBuildPhase;
			buildActionMask = 2147483647;
			files = (
				135834E628E09D070009D4B9 /* QueryAllBooks.graphql in Resources */,
				1358349C28DF3CC60009D4B9 /* LaunchScreen.storyboard in Resources */,
				135834E828E09D070009D4B9 /* QueryFavoriteAuthors.graphql in Resources */,
				135834EA28E09D070009D4B9 /* QueryFavoriteBooks.graphql in Resources */,
				1358349928DF3CC60009D4B9 /* Assets.xcassets in Resources */,
				1358349728DF3CC40009D4B9 /* Main.storyboard in Resources */,
				135834E728E09D070009D4B9 /* QueryUserPicture.graphql in Resources */,
				135834CB28DFCD600009D4B9 /* schema.json in Resources */,
				135834E928E09D070009D4B9 /* QueryFavoriteBook.graphql in Resources */,
			);
			runOnlyForDeploymentPostprocessing = 0;
		};
/* End PBXResourcesBuildPhase section */

/* Begin PBXShellScriptBuildPhase section */
		135834B628DFC41F0009D4B9 /* Generate Apollo GraphQL API */ = {
			isa = PBXShellScriptBuildPhase;
			buildActionMask = 2147483647;
			files = (
			);
			inputFileListPaths = (
			);
			inputPaths = (
			);
			name = "Generate Apollo GraphQL API";
			outputFileListPaths = (
			);
			outputPaths = (
			);
			runOnlyForDeploymentPostprocessing = 0;
			shellPath = /bin/sh;
			shellScript = "# Don't run this during index builds\nif [ $ACTION = \"indexbuild\" ]; then exit 0; fi\n\n# Go to the build root and search up the chain to find the Derived Data Path where the source packages are checked out.\nDERIVED_DATA_CANDIDATE=\"${BUILD_ROOT}\"\n\nwhile ! [ -d \"${DERIVED_DATA_CANDIDATE}/SourcePackages\" ]; do\n  if [ \"${DERIVED_DATA_CANDIDATE}\" = / ]; then\n    echo >&2 \"error: Unable to locate SourcePackages directory from BUILD_ROOT: '${BUILD_ROOT}'\"\n    exit 1\n  fi\n\n  DERIVED_DATA_CANDIDATE=\"$(dirname \"${DERIVED_DATA_CANDIDATE}\")\"\ndone\n\n# Grab a reference to the directory where scripts are checked out\nSCRIPT_PATH=\"${DERIVED_DATA_CANDIDATE}/SourcePackages/checkouts/apollo-ios/scripts\"\n\nif [ -z \"${SCRIPT_PATH}\" ]; then\n    echo >&2 \"error: Couldn't find the CLI script in your checked out SPM packages; make sure to add the framework to your project.\"\n    exit 1\nfi\n\ncd \"${SRCROOT}/${TARGET_NAME}\"\n\"${SCRIPT_PATH}\"/run-bundled-codegen.sh codegen:generate --target=swift --includes=./**/*.graphql --localSchemaFile=\"schema.json\" API.swift\n";
		};
/* End PBXShellScriptBuildPhase section */

/* Begin PBXSourcesBuildPhase section */
		1358348828DF3CC40009D4B9 /* Sources */ = {
			isa = PBXSourcesBuildPhase;
			buildActionMask = 2147483647;
			files = (
				1358349428DF3CC40009D4B9 /* ViewController.swift in Sources */,
				135834E028DFEE5B0009D4B9 /* ApolloNetwork.swift in Sources */,
				1358349028DF3CC40009D4B9 /* AppDelegate.swift in Sources */,
				1358349228DF3CC40009D4B9 /* SceneDelegate.swift in Sources */,
				135834EC28E09F7E0009D4B9 /* API.swift in Sources */,
			);
			runOnlyForDeploymentPostprocessing = 0;
		};
/* End PBXSourcesBuildPhase section */

/* Begin PBXVariantGroup section */
		1358349528DF3CC40009D4B9 /* Main.storyboard */ = {
			isa = PBXVariantGroup;
			children = (
				1358349628DF3CC40009D4B9 /* Base */,
			);
			name = Main.storyboard;
			sourceTree = "<group>";
		};
		1358349A28DF3CC60009D4B9 /* LaunchScreen.storyboard */ = {
			isa = PBXVariantGroup;
			children = (
				1358349B28DF3CC60009D4B9 /* Base */,
			);
			name = LaunchScreen.storyboard;
			sourceTree = "<group>";
		};
/* End PBXVariantGroup section */

/* Begin XCBuildConfiguration section */
		1358349E28DF3CC60009D4B9 /* Debug */ = {
			isa = XCBuildConfiguration;
			buildSettings = {
				ALWAYS_SEARCH_USER_PATHS = NO;
				CLANG_ANALYZER_NONNULL = YES;
				CLANG_ANALYZER_NUMBER_OBJECT_CONVERSION = YES_AGGRESSIVE;
				CLANG_CXX_LANGUAGE_STANDARD = "gnu++17";
				CLANG_ENABLE_MODULES = YES;
				CLANG_ENABLE_OBJC_ARC = YES;
				CLANG_ENABLE_OBJC_WEAK = YES;
				CLANG_WARN_BLOCK_CAPTURE_AUTORELEASING = YES;
				CLANG_WARN_BOOL_CONVERSION = YES;
				CLANG_WARN_COMMA = YES;
				CLANG_WARN_CONSTANT_CONVERSION = YES;
				CLANG_WARN_DEPRECATED_OBJC_IMPLEMENTATIONS = YES;
				CLANG_WARN_DIRECT_OBJC_ISA_USAGE = YES_ERROR;
				CLANG_WARN_DOCUMENTATION_COMMENTS = YES;
				CLANG_WARN_EMPTY_BODY = YES;
				CLANG_WARN_ENUM_CONVERSION = YES;
				CLANG_WARN_INFINITE_RECURSION = YES;
				CLANG_WARN_INT_CONVERSION = YES;
				CLANG_WARN_NON_LITERAL_NULL_CONVERSION = YES;
				CLANG_WARN_OBJC_IMPLICIT_RETAIN_SELF = YES;
				CLANG_WARN_OBJC_LITERAL_CONVERSION = YES;
				CLANG_WARN_OBJC_ROOT_CLASS = YES_ERROR;
				CLANG_WARN_QUOTED_INCLUDE_IN_FRAMEWORK_HEADER = YES;
				CLANG_WARN_RANGE_LOOP_ANALYSIS = YES;
				CLANG_WARN_STRICT_PROTOTYPES = YES;
				CLANG_WARN_SUSPICIOUS_MOVE = YES;
				CLANG_WARN_UNGUARDED_AVAILABILITY = YES_AGGRESSIVE;
				CLANG_WARN_UNREACHABLE_CODE = YES;
				CLANG_WARN__DUPLICATE_METHOD_MATCH = YES;
				COPY_PHASE_STRIP = NO;
				DEBUG_INFORMATION_FORMAT = dwarf;
				ENABLE_STRICT_OBJC_MSGSEND = YES;
				ENABLE_TESTABILITY = YES;
				GCC_C_LANGUAGE_STANDARD = gnu11;
				GCC_DYNAMIC_NO_PIC = NO;
				GCC_NO_COMMON_BLOCKS = YES;
				GCC_OPTIMIZATION_LEVEL = 0;
				GCC_PREPROCESSOR_DEFINITIONS = (
					"DEBUG=1",
					"$(inherited)",
				);
				GCC_WARN_64_TO_32_BIT_CONVERSION = YES;
				GCC_WARN_ABOUT_RETURN_TYPE = YES_ERROR;
				GCC_WARN_UNDECLARED_SELECTOR = YES;
				GCC_WARN_UNINITIALIZED_AUTOS = YES_AGGRESSIVE;
				GCC_WARN_UNUSED_FUNCTION = YES;
				GCC_WARN_UNUSED_VARIABLE = YES;
				IPHONEOS_DEPLOYMENT_TARGET = 15.5;
				MTL_ENABLE_DEBUG_INFO = INCLUDE_SOURCE;
				MTL_FAST_MATH = YES;
				ONLY_ACTIVE_ARCH = YES;
				SDKROOT = iphoneos;
				SWIFT_ACTIVE_COMPILATION_CONDITIONS = DEBUG;
				SWIFT_OPTIMIZATION_LEVEL = "-Onone";
			};
			name = Debug;
		};
		1358349F28DF3CC60009D4B9 /* Release */ = {
			isa = XCBuildConfiguration;
			buildSettings = {
				ALWAYS_SEARCH_USER_PATHS = NO;
				CLANG_ANALYZER_NONNULL = YES;
				CLANG_ANALYZER_NUMBER_OBJECT_CONVERSION = YES_AGGRESSIVE;
				CLANG_CXX_LANGUAGE_STANDARD = "gnu++17";
				CLANG_ENABLE_MODULES = YES;
				CLANG_ENABLE_OBJC_ARC = YES;
				CLANG_ENABLE_OBJC_WEAK = YES;
				CLANG_WARN_BLOCK_CAPTURE_AUTORELEASING = YES;
				CLANG_WARN_BOOL_CONVERSION = YES;
				CLANG_WARN_COMMA = YES;
				CLANG_WARN_CONSTANT_CONVERSION = YES;
				CLANG_WARN_DEPRECATED_OBJC_IMPLEMENTATIONS = YES;
				CLANG_WARN_DIRECT_OBJC_ISA_USAGE = YES_ERROR;
				CLANG_WARN_DOCUMENTATION_COMMENTS = YES;
				CLANG_WARN_EMPTY_BODY = YES;
				CLANG_WARN_ENUM_CONVERSION = YES;
				CLANG_WARN_INFINITE_RECURSION = YES;
				CLANG_WARN_INT_CONVERSION = YES;
				CLANG_WARN_NON_LITERAL_NULL_CONVERSION = YES;
				CLANG_WARN_OBJC_IMPLICIT_RETAIN_SELF = YES;
				CLANG_WARN_OBJC_LITERAL_CONVERSION = YES;
				CLANG_WARN_OBJC_ROOT_CLASS = YES_ERROR;
				CLANG_WARN_QUOTED_INCLUDE_IN_FRAMEWORK_HEADER = YES;
				CLANG_WARN_RANGE_LOOP_ANALYSIS = YES;
				CLANG_WARN_STRICT_PROTOTYPES = YES;
				CLANG_WARN_SUSPICIOUS_MOVE = YES;
				CLANG_WARN_UNGUARDED_AVAILABILITY = YES_AGGRESSIVE;
				CLANG_WARN_UNREACHABLE_CODE = YES;
				CLANG_WARN__DUPLICATE_METHOD_MATCH = YES;
				COPY_PHASE_STRIP = NO;
				DEBUG_INFORMATION_FORMAT = "dwarf-with-dsym";
				ENABLE_NS_ASSERTIONS = NO;
				ENABLE_STRICT_OBJC_MSGSEND = YES;
				GCC_C_LANGUAGE_STANDARD = gnu11;
				GCC_NO_COMMON_BLOCKS = YES;
				GCC_WARN_64_TO_32_BIT_CONVERSION = YES;
				GCC_WARN_ABOUT_RETURN_TYPE = YES_ERROR;
				GCC_WARN_UNDECLARED_SELECTOR = YES;
				GCC_WARN_UNINITIALIZED_AUTOS = YES_AGGRESSIVE;
				GCC_WARN_UNUSED_FUNCTION = YES;
				GCC_WARN_UNUSED_VARIABLE = YES;
				IPHONEOS_DEPLOYMENT_TARGET = 15.5;
				MTL_ENABLE_DEBUG_INFO = NO;
				MTL_FAST_MATH = YES;
				SDKROOT = iphoneos;
				SWIFT_COMPILATION_MODE = wholemodule;
				SWIFT_OPTIMIZATION_LEVEL = "-O";
				VALIDATE_PRODUCT = YES;
			};
			name = Release;
		};
		135834A128DF3CC60009D4B9 /* Debug */ = {
			isa = XCBuildConfiguration;
			buildSettings = {
				ASSETCATALOG_COMPILER_APPICON_NAME = AppIcon;
				ASSETCATALOG_COMPILER_GLOBAL_ACCENT_COLOR_NAME = AccentColor;
				CODE_SIGN_STYLE = Automatic;
				CURRENT_PROJECT_VERSION = 1;
				DEVELOPMENT_TEAM = 63T8PTV9GL;
				GENERATE_INFOPLIST_FILE = YES;
				INFOPLIST_FILE = SSBook/Info.plist;
				INFOPLIST_KEY_UIApplicationSupportsIndirectInputEvents = YES;
				INFOPLIST_KEY_UILaunchStoryboardName = LaunchScreen;
				INFOPLIST_KEY_UIMainStoryboardFile = Main;
				INFOPLIST_KEY_UISupportedInterfaceOrientations_iPad = "UIInterfaceOrientationPortrait UIInterfaceOrientationPortraitUpsideDown UIInterfaceOrientationLandscapeLeft UIInterfaceOrientationLandscapeRight";
				INFOPLIST_KEY_UISupportedInterfaceOrientations_iPhone = "UIInterfaceOrientationPortrait UIInterfaceOrientationLandscapeLeft UIInterfaceOrientationLandscapeRight";
				LD_RUNPATH_SEARCH_PATHS = (
					"$(inherited)",
					"@executable_path/Frameworks",
				);
				MARKETING_VERSION = 1.0;
				PRODUCT_BUNDLE_IDENTIFIER = victor.SSBook;
				PRODUCT_NAME = "$(TARGET_NAME)";
				SWIFT_EMIT_LOC_STRINGS = YES;
				SWIFT_VERSION = 5.0;
				TARGETED_DEVICE_FAMILY = "1,2";
			};
			name = Debug;
		};
		135834A228DF3CC60009D4B9 /* Release */ = {
			isa = XCBuildConfiguration;
			buildSettings = {
				ASSETCATALOG_COMPILER_APPICON_NAME = AppIcon;
				ASSETCATALOG_COMPILER_GLOBAL_ACCENT_COLOR_NAME = AccentColor;
				CODE_SIGN_STYLE = Automatic;
				CURRENT_PROJECT_VERSION = 1;
				DEVELOPMENT_TEAM = 63T8PTV9GL;
				GENERATE_INFOPLIST_FILE = YES;
				INFOPLIST_FILE = SSBook/Info.plist;
				INFOPLIST_KEY_UIApplicationSupportsIndirectInputEvents = YES;
				INFOPLIST_KEY_UILaunchStoryboardName = LaunchScreen;
				INFOPLIST_KEY_UIMainStoryboardFile = Main;
				INFOPLIST_KEY_UISupportedInterfaceOrientations_iPad = "UIInterfaceOrientationPortrait UIInterfaceOrientationPortraitUpsideDown UIInterfaceOrientationLandscapeLeft UIInterfaceOrientationLandscapeRight";
				INFOPLIST_KEY_UISupportedInterfaceOrientations_iPhone = "UIInterfaceOrientationPortrait UIInterfaceOrientationLandscapeLeft UIInterfaceOrientationLandscapeRight";
				LD_RUNPATH_SEARCH_PATHS = (
					"$(inherited)",
					"@executable_path/Frameworks",
				);
				MARKETING_VERSION = 1.0;
				PRODUCT_BUNDLE_IDENTIFIER = victor.SSBook;
				PRODUCT_NAME = "$(TARGET_NAME)";
				SWIFT_EMIT_LOC_STRINGS = YES;
				SWIFT_VERSION = 5.0;
				TARGETED_DEVICE_FAMILY = "1,2";
			};
			name = Release;
		};
/* End XCBuildConfiguration section */

/* Begin XCConfigurationList section */
		1358348728DF3CC40009D4B9 /* Build configuration list for PBXProject "SSBook" */ = {
			isa = XCConfigurationList;
			buildConfigurations = (
				1358349E28DF3CC60009D4B9 /* Debug */,
				1358349F28DF3CC60009D4B9 /* Release */,
			);
			defaultConfigurationIsVisible = 0;
			defaultConfigurationName = Release;
		};
		135834A028DF3CC60009D4B9 /* Build configuration list for PBXNativeTarget "SSBook" */ = {
			isa = XCConfigurationList;
			buildConfigurations = (
				135834A128DF3CC60009D4B9 /* Debug */,
				135834A228DF3CC60009D4B9 /* Release */,
			);
			defaultConfigurationIsVisible = 0;
			defaultConfigurationName = Release;
		};
/* End XCConfigurationList section */

/* Begin XCRemoteSwiftPackageReference section */
		135834D628DFD0050009D4B9 /* XCRemoteSwiftPackageReference "apollo-ios" */ = {
			isa = XCRemoteSwiftPackageReference;
			repositoryURL = "https://github.com/apollographql/apollo-ios.git";
			requirement = {
				kind = upToNextMajorVersion;
				minimumVersion = 0.9.5;
			};
		};
/* End XCRemoteSwiftPackageReference section */

/* Begin XCSwiftPackageProductDependency section */
		135834D728DFD0050009D4B9 /* Apollo */ = {
			isa = XCSwiftPackageProductDependency;
			package = 135834D628DFD0050009D4B9 /* XCRemoteSwiftPackageReference "apollo-ios" */;
			productName = Apollo;
		};
		135834D928DFD0050009D4B9 /* ApolloAPI */ = {
			isa = XCSwiftPackageProductDependency;
			package = 135834D628DFD0050009D4B9 /* XCRemoteSwiftPackageReference "apollo-ios" */;
			productName = ApolloAPI;
		};
		135834DB28DFD0050009D4B9 /* ApolloCodegenLib */ = {
			isa = XCSwiftPackageProductDependency;
			package = 135834D628DFD0050009D4B9 /* XCRemoteSwiftPackageReference "apollo-ios" */;
			productName = ApolloCodegenLib;
		};
/* End XCSwiftPackageProductDependency section */
	};
	rootObject = 1358348428DF3CC40009D4B9 /* Project object */;
}
